
Microsoft Visual Studio Solution File, Format Version 12.00
# Visual Studio Version 17
VisualStudioVersion = 17.14.36202.13 d17.14
MinimumVisualStudioVersion = 10.0.40219.1
Project("{9A19103F-16F7-4668-BE54-9A1E7A4F7556}") = "ACME.Tests.Integration", "ACME.Tests.Integration\ACME.Tests.Integration.csproj", "{F4149498-98A1-409C-B13E-E19DE93F5434}"
EndProject
Project("{FAE04EC0-301F-11D3-BF4B-00C04F79EFBC}") = "ACME.Web.Calculator", "ACME.Web.Calculator\ACME.Web.Calculator.csproj", "{A6D052D0-F53C-44F7-AC98-2C5562353A47}"
EndProject
Global
	GlobalSection(SolutionConfigurationPlatforms) = preSolution
		Debug|Any CPU = Debug|Any CPU
		Release|Any CPU = Release|Any CPU
	EndGlobalSection
	GlobalSection(ProjectConfigurationPlatforms) = postSolution
		{F4149498-98A1-409C-B13E-E19DE93F5434}.Debug|Any CPU.ActiveCfg = Debug|Any CPU
		{F4149498-98A1-409C-B13E-E19DE93F5434}.Debug|Any CPU.Build.0 = Debug|Any CPU
		{F4149498-98A1-409C-B13E-E19DE93F5434}.Release|Any CPU.ActiveCfg = Release|Any CPU
		{F4149498-98A1-409C-B13E-E19DE93F5434}.Release|Any CPU.Build.0 = Release|Any CPU
		{A6D052D0-F53C-44F7-AC98-2C5562353A47}.Debug|Any CPU.ActiveCfg = Debug|Any CPU
		{A6D052D0-F53C-44F7-AC98-2C5562353A47}.Debug|Any CPU.Build.0 = Debug|Any CPU
		{A6D052D0-F53C-44F7-AC98-2C5562353A47}.Release|Any CPU.ActiveCfg = Release|Any CPU
		{A6D052D0-F53C-44F7-AC98-2C5562353A47}.Release|Any CPU.Build.0 = Release|Any CPU
	EndGlobalSection
	GlobalSection(SolutionProperties) = preSolution
		HideSolutionNode = FALSE
	EndGlobalSection
	GlobalSection(ExtensibilityGlobals) = postSolution
		SolutionGuid = {13D585C4-F630-4C7D-9C40-1E785D84B26A}
	EndGlobalSection
EndGlobal
