
Microsoft Visual Studio Solution File, Format Version 12.00
# Visual Studio Version 17
VisualStudioVersion = 17.13.35931.197
MinimumVisualStudioVersion = 10.0.40219.1
Project("{9A19103F-16F7-4668-BE54-9A1E7A4F7556}") = "ACME.Business.Calculator", "ACME.Business.Calculator\ACME.Business.Calculator.csproj", "{8613C050-8346-4DFF-AB16-AFD302A3EF4C}"
EndProject
Project("{9A19103F-16F7-4668-BE54-9A1E7A4F7556}") = "ACME.Tests.Unit", "ACME.Tests.Unit\ACME.Tests.Unit.csproj", "{E24E3002-44D8-4E72-A109-0CAD642CF30A}"
EndProject
Project("{9A19103F-16F7-4668-BE54-9A1E7A4F7556}") = "ACME.Business.Interfaces", "ACME.Business.Interfaces\ACME.Business.Interfaces.csproj", "{FC17497E-FF08-4CBE-84FF-C2673ADAF5A6}"
EndProject
Project("{FAE04EC0-301F-11D3-BF4B-00C04F79EFBC}") = "ACME.Backend.AddService", "ACME.Backend.AddService\ACME.Backend.AddService.csproj", "{5F986CCC-830E-483A-A7E4-2A0D8F0863E6}"
EndProject
Project("{2150E333-8FDC-42A3-9474-1A3956D46DE8}") = "Solution Items", "Solution Items", "{8EC462FD-D22E-90A8-E5CE-7E832BA40C5D}"
EndProject
Project("{FAE04EC0-301F-11D3-BF4B-00C04F79EFBC}") = "ACME.Backend.RegisterOperation", "ACME.Backend.RegisterOperation\ACME.Backend.RegisterOperation.csproj", "{6BDD2E21-6DCA-9DB9-E26C-C101C0E24AB1}"
EndProject
Global
	GlobalSection(SolutionConfigurationPlatforms) = preSolution
		Debug|Any CPU = Debug|Any CPU
		Release|Any CPU = Release|Any CPU
	EndGlobalSection
	GlobalSection(ProjectConfigurationPlatforms) = postSolution
		{8613C050-8346-4DFF-AB16-AFD302A3EF4C}.Debug|Any CPU.ActiveCfg = Debug|Any CPU
		{8613C050-8346-4DFF-AB16-AFD302A3EF4C}.Debug|Any CPU.Build.0 = Debug|Any CPU
		{8613C050-8346-4DFF-AB16-AFD302A3EF4C}.Release|Any CPU.ActiveCfg = Release|Any CPU
		{8613C050-8346-4DFF-AB16-AFD302A3EF4C}.Release|Any CPU.Build.0 = Release|Any CPU
		{E24E3002-44D8-4E72-A109-0CAD642CF30A}.Debug|Any CPU.ActiveCfg = Debug|Any CPU
		{E24E3002-44D8-4E72-A109-0CAD642CF30A}.Debug|Any CPU.Build.0 = Debug|Any CPU
		{E24E3002-44D8-4E72-A109-0CAD642CF30A}.Release|Any CPU.ActiveCfg = Release|Any CPU
		{E24E3002-44D8-4E72-A109-0CAD642CF30A}.Release|Any CPU.Build.0 = Release|Any CPU
		{FC17497E-FF08-4CBE-84FF-C2673ADAF5A6}.Debug|Any CPU.ActiveCfg = Debug|Any CPU
		{FC17497E-FF08-4CBE-84FF-C2673ADAF5A6}.Debug|Any CPU.Build.0 = Debug|Any CPU
		{FC17497E-FF08-4CBE-84FF-C2673ADAF5A6}.Release|Any CPU.ActiveCfg = Release|Any CPU
		{FC17497E-FF08-4CBE-84FF-C2673ADAF5A6}.Release|Any CPU.Build.0 = Release|Any CPU
		{5F986CCC-830E-483A-A7E4-2A0D8F0863E6}.Debug|Any CPU.ActiveCfg = Debug|Any CPU
		{5F986CCC-830E-483A-A7E4-2A0D8F0863E6}.Debug|Any CPU.Build.0 = Debug|Any CPU
		{5F986CCC-830E-483A-A7E4-2A0D8F0863E6}.Release|Any CPU.ActiveCfg = Release|Any CPU
		{5F986CCC-830E-483A-A7E4-2A0D8F0863E6}.Release|Any CPU.Build.0 = Release|Any CPU
		{6BDD2E21-6DCA-9DB9-E26C-C101C0E24AB1}.Debug|Any CPU.ActiveCfg = Debug|Any CPU
		{6BDD2E21-6DCA-9DB9-E26C-C101C0E24AB1}.Debug|Any CPU.Build.0 = Debug|Any CPU
		{6BDD2E21-6DCA-9DB9-E26C-C101C0E24AB1}.Release|Any CPU.ActiveCfg = Release|Any CPU
		{6BDD2E21-6DCA-9DB9-E26C-C101C0E24AB1}.Release|Any CPU.Build.0 = Release|Any CPU
	EndGlobalSection
	GlobalSection(SolutionProperties) = preSolution
		HideSolutionNode = FALSE
	EndGlobalSection
	GlobalSection(ExtensibilityGlobals) = postSolution
		SolutionGuid = {13D585C4-F630-4C7D-9C40-1E785D84B26A}
	EndGlobalSection
EndGlobal
